// !$*UTF8*$!
{
	archiveVersion = 1;
	classes = {
	};
	objectVersion = 55;
	objects = {

/* Begin PBXBuildFile section */
		05F52A57571AA361E5ACAD58 /* Pods_AKApiManager_AKApiManagerTests.framework in Frameworks */ = {isa = PBXBuildFile; fileRef = EC16D790AF4F4F7DA776A672 /* Pods_AKApiManager_AKApiManagerTests.framework */; };
		1D4C26EA29A0609D00007DFE /* AKApiManager.docc in Sources */ = {isa = PBXBuildFile; fileRef = 1D4C26E929A0609D00007DFE /* AKApiManager.docc */; };
		1D4C26F029A0609E00007DFE /* AKApiManager.framework in Frameworks */ = {isa = PBXBuildFile; fileRef = 1D4C26E529A0609D00007DFE /* AKApiManager.framework */; };
		1D4C26F529A0609E00007DFE /* AKApiManagerTests.swift in Sources */ = {isa = PBXBuildFile; fileRef = 1D4C26F429A0609E00007DFE /* AKApiManagerTests.swift */; };
		1D4C26F629A0609E00007DFE /* AKApiManager.h in Headers */ = {isa = PBXBuildFile; fileRef = 1D4C26E829A0609D00007DFE /* AKApiManager.h */; settings = {ATTRIBUTES = (Public, ); }; };
		9E4BBE5CAC1BD0FE3C04588D /* Pods_AKApiManager.framework in Frameworks */ = {isa = PBXBuildFile; fileRef = 4B26E0E7C4AA48A1649B21B6 /* Pods_AKApiManager.framework */; };
/* End PBXBuildFile section */

/* Begin PBXContainerItemProxy section */
		1D4C26F129A0609E00007DFE /* PBXContainerItemProxy */ = {
			isa = PBXContainerItemProxy;
			containerPortal = 1D4C26DC29A0609D00007DFE /* Project object */;
			proxyType = 1;
			remoteGlobalIDString = 1D4C26E429A0609D00007DFE;
			remoteInfo = AKApiManager;
		};
/* End PBXContainerItemProxy section */

/* Begin PBXFileReference section */
		1D4C26E529A0609D00007DFE /* AKApiManager.framework */ = {isa = PBXFileReference; explicitFileType = wrapper.framework; includeInIndex = 0; path = AKApiManager.framework; sourceTree = BUILT_PRODUCTS_DIR; };
		1D4C26E829A0609D00007DFE /* AKApiManager.h */ = {isa = PBXFileReference; lastKnownFileType = sourcecode.c.h; path = AKApiManager.h; sourceTree = "<group>"; };
		1D4C26E929A0609D00007DFE /* AKApiManager.docc */ = {isa = PBXFileReference; lastKnownFileType = folder.documentationcatalog; path = AKApiManager.docc; sourceTree = "<group>"; };
		1D4C26EF29A0609E00007DFE /* AKApiManagerTests.xctest */ = {isa = PBXFileReference; explicitFileType = wrapper.cfbundle; includeInIndex = 0; path = AKApiManagerTests.xctest; sourceTree = BUILT_PRODUCTS_DIR; };
		1D4C26F429A0609E00007DFE /* AKApiManagerTests.swift */ = {isa = PBXFileReference; lastKnownFileType = sourcecode.swift; path = AKApiManagerTests.swift; sourceTree = "<group>"; };
		4B26E0E7C4AA48A1649B21B6 /* Pods_AKApiManager.framework */ = {isa = PBXFileReference; explicitFileType = wrapper.framework; includeInIndex = 0; path = Pods_AKApiManager.framework; sourceTree = BUILT_PRODUCTS_DIR; };
		68F19F846D00A25E935853E4 /* Pods-AKApiManager.debug.xcconfig */ = {isa = PBXFileReference; includeInIndex = 1; lastKnownFileType = text.xcconfig; name = "Pods-AKApiManager.debug.xcconfig"; path = "Target Support Files/Pods-AKApiManager/Pods-AKApiManager.debug.xcconfig"; sourceTree = "<group>"; };
		6C9BA6B38F9CC5BBDBE28FB1 /* Pods-AKApiManager-AKApiManagerTests.release.xcconfig */ = {isa = PBXFileReference; includeInIndex = 1; lastKnownFileType = text.xcconfig; name = "Pods-AKApiManager-AKApiManagerTests.release.xcconfig"; path = "Target Support Files/Pods-AKApiManager-AKApiManagerTests/Pods-AKApiManager-AKApiManagerTests.release.xcconfig"; sourceTree = "<group>"; };
		B215E08A1ECB460BB624715E /* Pods-AKApiManager-AKApiManagerTests.debug.xcconfig */ = {isa = PBXFileReference; includeInIndex = 1; lastKnownFileType = text.xcconfig; name = "Pods-AKApiManager-AKApiManagerTests.debug.xcconfig"; path = "Target Support Files/Pods-AKApiManager-AKApiManagerTests/Pods-AKApiManager-AKApiManagerTests.debug.xcconfig"; sourceTree = "<group>"; };
		CDA4A22BEC46202FBA76E350 /* Pods-AKApiManager.release.xcconfig */ = {isa = PBXFileReference; includeInIndex = 1; lastKnownFileType = text.xcconfig; name = "Pods-AKApiManager.release.xcconfig"; path = "Target Support Files/Pods-AKApiManager/Pods-AKApiManager.release.xcconfig"; sourceTree = "<group>"; };
		EC16D790AF4F4F7DA776A672 /* Pods_AKApiManager_AKApiManagerTests.framework */ = {isa = PBXFileReference; explicitFileType = wrapper.framework; includeInIndex = 0; path = Pods_AKApiManager_AKApiManagerTests.framework; sourceTree = BUILT_PRODUCTS_DIR; };
/* End PBXFileReference section */

/* Begin PBXFrameworksBuildPhase section */
		1D4C26E229A0609D00007DFE /* Frameworks */ = {
			isa = PBXFrameworksBuildPhase;
			buildActionMask = 2147483647;
			files = (
				9E4BBE5CAC1BD0FE3C04588D /* Pods_AKApiManager.framework in Frameworks */,
			);
			runOnlyForDeploymentPostprocessing = 0;
		};
		1D4C26EC29A0609E00007DFE /* Frameworks */ = {
			isa = PBXFrameworksBuildPhase;
			buildActionMask = 2147483647;
			files = (
				1D4C26F029A0609E00007DFE /* AKApiManager.framework in Frameworks */,
				05F52A57571AA361E5ACAD58 /* Pods_AKApiManager_AKApiManagerTests.framework in Frameworks */,
			);
			runOnlyForDeploymentPostprocessing = 0;
		};
/* End PBXFrameworksBuildPhase section */

/* Begin PBXGroup section */
		1D4C26DB29A0609D00007DFE = {
			isa = PBXGroup;
			children = (
				1D4C270029A060B000007DFE /* Sources */,
				1D4C26FF29A060A700007DFE /* Tests */,
				1D4C26E629A0609D00007DFE /* Products */,
				940EE60D0E48DDFA35BD440A /* Pods */,
				5E9C9FD46A71F44153C8E586 /* Frameworks */,
			);
			sourceTree = "<group>";
		};
		1D4C26E629A0609D00007DFE /* Products */ = {
			isa = PBXGroup;
			children = (
				1D4C26E529A0609D00007DFE /* AKApiManager.framework */,
				1D4C26EF29A0609E00007DFE /* AKApiManagerTests.xctest */,
			);
			name = Products;
			sourceTree = "<group>";
		};
		1D4C26E729A0609D00007DFE /* AKApiManager */ = {
			isa = PBXGroup;
			children = (
			);
			path = AKApiManager;
			sourceTree = "<group>";
		};
		1D4C26F329A0609E00007DFE /* AKApiManagerTests */ = {
			isa = PBXGroup;
			children = (
				1D4C26F429A0609E00007DFE /* AKApiManagerTests.swift */,
			);
			path = AKApiManagerTests;
			sourceTree = "<group>";
		};
		1D4C26FF29A060A700007DFE /* Tests */ = {
			isa = PBXGroup;
			children = (
				1D4C26F329A0609E00007DFE /* AKApiManagerTests */,
			);
			path = Tests;
			sourceTree = "<group>";
		};
		1D4C270029A060B000007DFE /* Sources */ = {
			isa = PBXGroup;
			children = (
				1D4C26E729A0609D00007DFE /* AKApiManager */,
				1D4C26E829A0609D00007DFE /* AKApiManager.h */,
				1D4C26E929A0609D00007DFE /* AKApiManager.docc */,
			);
			path = Sources;
			sourceTree = "<group>";
		};
		5E9C9FD46A71F44153C8E586 /* Frameworks */ = {
			isa = PBXGroup;
			children = (
				4B26E0E7C4AA48A1649B21B6 /* Pods_AKApiManager.framework */,
				EC16D790AF4F4F7DA776A672 /* Pods_AKApiManager_AKApiManagerTests.framework */,
			);
			name = Frameworks;
			sourceTree = "<group>";
		};
		940EE60D0E48DDFA35BD440A /* Pods */ = {
			isa = PBXGroup;
			children = (
				68F19F846D00A25E935853E4 /* Pods-AKApiManager.debug.xcconfig */,
				CDA4A22BEC46202FBA76E350 /* Pods-AKApiManager.release.xcconfig */,
				B215E08A1ECB460BB624715E /* Pods-AKApiManager-AKApiManagerTests.debug.xcconfig */,
				6C9BA6B38F9CC5BBDBE28FB1 /* Pods-AKApiManager-AKApiManagerTests.release.xcconfig */,
			);
			name = Pods;
			path = Pods;
			sourceTree = "<group>";
		};
/* End PBXGroup section */

/* Begin PBXHeadersBuildPhase section */
		1D4C26E029A0609D00007DFE /* Headers */ = {
			isa = PBXHeadersBuildPhase;
			buildActionMask = 2147483647;
			files = (
				1D4C26F629A0609E00007DFE /* AKApiManager.h in Headers */,
			);
			runOnlyForDeploymentPostprocessing = 0;
		};
/* End PBXHeadersBuildPhase section */

/* Begin PBXNativeTarget section */
		1D4C26E429A0609D00007DFE /* AKApiManager */ = {
			isa = PBXNativeTarget;
			buildConfigurationList = 1D4C26F929A0609E00007DFE /* Build configuration list for PBXNativeTarget "AKApiManager" */;
			buildPhases = (
				7908CDFB225A040980531A5B /* [CP] Check Pods Manifest.lock */,
				1D4C26E029A0609D00007DFE /* Headers */,
				1D4C26E129A0609D00007DFE /* Sources */,
				1D4C26E229A0609D00007DFE /* Frameworks */,
				1D4C26E329A0609D00007DFE /* Resources */,
			);
			buildRules = (
			);
			dependencies = (
			);
			name = AKApiManager;
			productName = AKApiManager;
			productReference = 1D4C26E529A0609D00007DFE /* AKApiManager.framework */;
			productType = "com.apple.product-type.framework";
		};
		1D4C26EE29A0609E00007DFE /* AKApiManagerTests */ = {
			isa = PBXNativeTarget;
			buildConfigurationList = 1D4C26FC29A0609E00007DFE /* Build configuration list for PBXNativeTarget "AKApiManagerTests" */;
			buildPhases = (
				895A80A025B1519AD976CC7B /* [CP] Check Pods Manifest.lock */,
				1D4C26EB29A0609E00007DFE /* Sources */,
				1D4C26EC29A0609E00007DFE /* Frameworks */,
				1D4C26ED29A0609E00007DFE /* Resources */,
				420BFBFC8F8829214F9600AD /* [CP] Embed Pods Frameworks */,
			);
			buildRules = (
			);
			dependencies = (
				1D4C26F229A0609E00007DFE /* PBXTargetDependency */,
			);
			name = AKApiManagerTests;
			productName = AKApiManagerTests;
			productReference = 1D4C26EF29A0609E00007DFE /* AKApiManagerTests.xctest */;
			productType = "com.apple.product-type.bundle.unit-test";
		};
/* End PBXNativeTarget section */

/* Begin PBXProject section */
		1D4C26DC29A0609D00007DFE /* Project object */ = {
			isa = PBXProject;
			attributes = {
				BuildIndependentTargetsInParallel = 1;
				LastSwiftUpdateCheck = 1340;
				LastUpgradeCheck = 1340;
				TargetAttributes = {
					1D4C26E429A0609D00007DFE = {
						CreatedOnToolsVersion = 13.4.1;
					};
					1D4C26EE29A0609E00007DFE = {
						CreatedOnToolsVersion = 13.4.1;
					};
				};
			};
			buildConfigurationList = 1D4C26DF29A0609D00007DFE /* Build configuration list for PBXProject "AKApiManager" */;
			compatibilityVersion = "Xcode 13.0";
			developmentRegion = en;
			hasScannedForEncodings = 0;
			knownRegions = (
				en,
				Base,
			);
			mainGroup = 1D4C26DB29A0609D00007DFE;
			productRefGroup = 1D4C26E629A0609D00007DFE /* Products */;
			projectDirPath = "";
			projectRoot = "";
			targets = (
				1D4C26E429A0609D00007DFE /* AKApiManager */,
				1D4C26EE29A0609E00007DFE /* AKApiManagerTests */,
			);
		};
/* End PBXProject section */

/* Begin PBXResourcesBuildPhase section */
		1D4C26E329A0609D00007DFE /* Resources */ = {
			isa = PBXResourcesBuildPhase;
			buildActionMask = 2147483647;
			files = (
			);
			runOnlyForDeploymentPostprocessing = 0;
		};
		1D4C26ED29A0609E00007DFE /* Resources */ = {
			isa = PBXResourcesBuildPhase;
			buildActionMask = 2147483647;
			files = (
			);
			runOnlyForDeploymentPostprocessing = 0;
		};
/* End PBXResourcesBuildPhase section */

/* Begin PBXShellScriptBuildPhase section */
		420BFBFC8F8829214F9600AD /* [CP] Embed Pods Frameworks */ = {
			isa = PBXShellScriptBuildPhase;
			buildActionMask = 2147483647;
			files = (
			);
			inputFileListPaths = (
				"${PODS_ROOT}/Target Support Files/Pods-AKApiManager-AKApiManagerTests/Pods-AKApiManager-AKApiManagerTests-frameworks-${CONFIGURATION}-input-files.xcfilelist",
			);
			name = "[CP] Embed Pods Frameworks";
			outputFileListPaths = (
				"${PODS_ROOT}/Target Support Files/Pods-AKApiManager-AKApiManagerTests/Pods-AKApiManager-AKApiManagerTests-frameworks-${CONFIGURATION}-output-files.xcfilelist",
			);
			runOnlyForDeploymentPostprocessing = 0;
			shellPath = /bin/sh;
			shellScript = "\"${PODS_ROOT}/Target Support Files/Pods-AKApiManager-AKApiManagerTests/Pods-AKApiManager-AKApiManagerTests-frameworks.sh\"\n";
			showEnvVarsInLog = 0;
		};
		7908CDFB225A040980531A5B /* [CP] Check Pods Manifest.lock */ = {
			isa = PBXShellScriptBuildPhase;
			buildActionMask = 2147483647;
			files = (
			);
			inputFileListPaths = (
			);
			inputPaths = (
				"${PODS_PODFILE_DIR_PATH}/Podfile.lock",
				"${PODS_ROOT}/Manifest.lock",
			);
			name = "[CP] Check Pods Manifest.lock";
			outputFileListPaths = (
			);
			outputPaths = (
				"$(DERIVED_FILE_DIR)/Pods-AKApiManager-checkManifestLockResult.txt",
			);
			runOnlyForDeploymentPostprocessing = 0;
			shellPath = /bin/sh;
			shellScript = "diff \"${PODS_PODFILE_DIR_PATH}/Podfile.lock\" \"${PODS_ROOT}/Manifest.lock\" > /dev/null\nif [ $? != 0 ] ; then\n    # print error to STDERR\n    echo \"error: The sandbox is not in sync with the Podfile.lock. Run 'pod install' or update your CocoaPods installation.\" >&2\n    exit 1\nfi\n# This output is used by Xcode 'outputs' to avoid re-running this script phase.\necho \"SUCCESS\" > \"${SCRIPT_OUTPUT_FILE_0}\"\n";
			showEnvVarsInLog = 0;
		};
		895A80A025B1519AD976CC7B /* [CP] Check Pods Manifest.lock */ = {
			isa = PBXShellScriptBuildPhase;
			buildActionMask = 2147483647;
			files = (
			);
			inputFileListPaths = (
			);
			inputPaths = (
				"${PODS_PODFILE_DIR_PATH}/Podfile.lock",
				"${PODS_ROOT}/Manifest.lock",
			);
			name = "[CP] Check Pods Manifest.lock";
			outputFileListPaths = (
			);
			outputPaths = (
				"$(DERIVED_FILE_DIR)/Pods-AKApiManager-AKApiManagerTests-checkManifestLockResult.txt",
			);
			runOnlyForDeploymentPostprocessing = 0;
			shellPath = /bin/sh;
			shellScript = "diff \"${PODS_PODFILE_DIR_PATH}/Podfile.lock\" \"${PODS_ROOT}/Manifest.lock\" > /dev/null\nif [ $? != 0 ] ; then\n    # print error to STDERR\n    echo \"error: The sandbox is not in sync with the Podfile.lock. Run 'pod install' or update your CocoaPods installation.\" >&2\n    exit 1\nfi\n# This output is used by Xcode 'outputs' to avoid re-running this script phase.\necho \"SUCCESS\" > \"${SCRIPT_OUTPUT_FILE_0}\"\n";
			showEnvVarsInLog = 0;
		};
/* End PBXShellScriptBuildPhase section */

/* Begin PBXSourcesBuildPhase section */
		1D4C26E129A0609D00007DFE /* Sources */ = {
			isa = PBXSourcesBuildPhase;
			buildActionMask = 2147483647;
			files = (
				1D4C26EA29A0609D00007DFE /* AKApiManager.docc in Sources */,
			);
			runOnlyForDeploymentPostprocessing = 0;
		};
		1D4C26EB29A0609E00007DFE /* Sources */ = {
			isa = PBXSourcesBuildPhase;
			buildActionMask = 2147483647;
			files = (
				1D4C26F529A0609E00007DFE /* AKApiManagerTests.swift in Sources */,
			);
			runOnlyForDeploymentPostprocessing = 0;
		};
/* End PBXSourcesBuildPhase section */

/* Begin PBXTargetDependency section */
		1D4C26F229A0609E00007DFE /* PBXTargetDependency */ = {
			isa = PBXTargetDependency;
			target = 1D4C26E429A0609D00007DFE /* AKApiManager */;
			targetProxy = 1D4C26F129A0609E00007DFE /* PBXContainerItemProxy */;
		};
/* End PBXTargetDependency section */

/* Begin XCBuildConfiguration section */
		1D4C26F729A0609E00007DFE /* Debug */ = {
			isa = XCBuildConfiguration;
			buildSettings = {
				ALWAYS_SEARCH_USER_PATHS = NO;
				CLANG_ANALYZER_NONNULL = YES;
				CLANG_ANALYZER_NUMBER_OBJECT_CONVERSION = YES_AGGRESSIVE;
				CLANG_CXX_LANGUAGE_STANDARD = "gnu++17";
				CLANG_ENABLE_MODULES = YES;
				CLANG_ENABLE_OBJC_ARC = YES;
				CLANG_ENABLE_OBJC_WEAK = YES;
				CLANG_WARN_BLOCK_CAPTURE_AUTORELEASING = YES;
				CLANG_WARN_BOOL_CONVERSION = YES;
				CLANG_WARN_COMMA = YES;
				CLANG_WARN_CONSTANT_CONVERSION = YES;
				CLANG_WARN_DEPRECATED_OBJC_IMPLEMENTATIONS = YES;
				CLANG_WARN_DIRECT_OBJC_ISA_USAGE = YES_ERROR;
				CLANG_WARN_DOCUMENTATION_COMMENTS = YES;
				CLANG_WARN_EMPTY_BODY = YES;
				CLANG_WARN_ENUM_CONVERSION = YES;
				CLANG_WARN_INFINITE_RECURSION = YES;
				CLANG_WARN_INT_CONVERSION = YES;
				CLANG_WARN_NON_LITERAL_NULL_CONVERSION = YES;
				CLANG_WARN_OBJC_IMPLICIT_RETAIN_SELF = YES;
				CLANG_WARN_OBJC_LITERAL_CONVERSION = YES;
				CLANG_WARN_OBJC_ROOT_CLASS = YES_ERROR;
				CLANG_WARN_QUOTED_INCLUDE_IN_FRAMEWORK_HEADER = YES;
				CLANG_WARN_RANGE_LOOP_ANALYSIS = YES;
				CLANG_WARN_STRICT_PROTOTYPES = YES;
				CLANG_WARN_SUSPICIOUS_MOVE = YES;
				CLANG_WARN_UNGUARDED_AVAILABILITY = YES_AGGRESSIVE;
				CLANG_WARN_UNREACHABLE_CODE = YES;
				CLANG_WARN__DUPLICATE_METHOD_MATCH = YES;
				COPY_PHASE_STRIP = NO;
				CURRENT_PROJECT_VERSION = 1;
				DEBUG_INFORMATION_FORMAT = dwarf;
				ENABLE_STRICT_OBJC_MSGSEND = YES;
				ENABLE_TESTABILITY = YES;
				GCC_C_LANGUAGE_STANDARD = gnu11;
				GCC_DYNAMIC_NO_PIC = NO;
				GCC_NO_COMMON_BLOCKS = YES;
				GCC_OPTIMIZATION_LEVEL = 0;
				GCC_PREPROCESSOR_DEFINITIONS = (
					"DEBUG=1",
					"$(inherited)",
				);
				GCC_WARN_64_TO_32_BIT_CONVERSION = YES;
				GCC_WARN_ABOUT_RETURN_TYPE = YES_ERROR;
				GCC_WARN_UNDECLARED_SELECTOR = YES;
				GCC_WARN_UNINITIALIZED_AUTOS = YES_AGGRESSIVE;
				GCC_WARN_UNUSED_FUNCTION = YES;
				GCC_WARN_UNUSED_VARIABLE = YES;
				IPHONEOS_DEPLOYMENT_TARGET = 15.5;
				MTL_ENABLE_DEBUG_INFO = INCLUDE_SOURCE;
				MTL_FAST_MATH = YES;
				ONLY_ACTIVE_ARCH = YES;
				SDKROOT = iphoneos;
				SWIFT_ACTIVE_COMPILATION_CONDITIONS = DEBUG;
				SWIFT_OPTIMIZATION_LEVEL = "-Onone";
				VERSIONING_SYSTEM = "apple-generic";
				VERSION_INFO_PREFIX = "";
			};
			name = Debug;
		};
		1D4C26F829A0609E00007DFE /* Release */ = {
			isa = XCBuildConfiguration;
			buildSettings = {
				ALWAYS_SEARCH_USER_PATHS = NO;
				CLANG_ANALYZER_NONNULL = YES;
				CLANG_ANALYZER_NUMBER_OBJECT_CONVERSION = YES_AGGRESSIVE;
				CLANG_CXX_LANGUAGE_STANDARD = "gnu++17";
				CLANG_ENABLE_MODULES = YES;
				CLANG_ENABLE_OBJC_ARC = YES;
				CLANG_ENABLE_OBJC_WEAK = YES;
				CLANG_WARN_BLOCK_CAPTURE_AUTORELEASING = YES;
				CLANG_WARN_BOOL_CONVERSION = YES;
				CLANG_WARN_COMMA = YES;
				CLANG_WARN_CONSTANT_CONVERSION = YES;
				CLANG_WARN_DEPRECATED_OBJC_IMPLEMENTATIONS = YES;
				CLANG_WARN_DIRECT_OBJC_ISA_USAGE = YES_ERROR;
				CLANG_WARN_DOCUMENTATION_COMMENTS = YES;
				CLANG_WARN_EMPTY_BODY = YES;
				CLANG_WARN_ENUM_CONVERSION = YES;
				CLANG_WARN_INFINITE_RECURSION = YES;
				CLANG_WARN_INT_CONVERSION = YES;
				CLANG_WARN_NON_LITERAL_NULL_CONVERSION = YES;
				CLANG_WARN_OBJC_IMPLICIT_RETAIN_SELF = YES;
				CLANG_WARN_OBJC_LITERAL_CONVERSION = YES;
				CLANG_WARN_OBJC_ROOT_CLASS = YES_ERROR;
				CLANG_WARN_QUOTED_INCLUDE_IN_FRAMEWORK_HEADER = YES;
				CLANG_WARN_RANGE_LOOP_ANALYSIS = YES;
				CLANG_WARN_STRICT_PROTOTYPES = YES;
				CLANG_WARN_SUSPICIOUS_MOVE = YES;
				CLANG_WARN_UNGUARDED_AVAILABILITY = YES_AGGRESSIVE;
				CLANG_WARN_UNREACHABLE_CODE = YES;
				CLANG_WARN__DUPLICATE_METHOD_MATCH = YES;
				COPY_PHASE_STRIP = NO;
				CURRENT_PROJECT_VERSION = 1;
				DEBUG_INFORMATION_FORMAT = "dwarf-with-dsym";
				ENABLE_NS_ASSERTIONS = NO;
				ENABLE_STRICT_OBJC_MSGSEND = YES;
				GCC_C_LANGUAGE_STANDARD = gnu11;
				GCC_NO_COMMON_BLOCKS = YES;
				GCC_WARN_64_TO_32_BIT_CONVERSION = YES;
				GCC_WARN_ABOUT_RETURN_TYPE = YES_ERROR;
				GCC_WARN_UNDECLARED_SELECTOR = YES;
				GCC_WARN_UNINITIALIZED_AUTOS = YES_AGGRESSIVE;
				GCC_WARN_UNUSED_FUNCTION = YES;
				GCC_WARN_UNUSED_VARIABLE = YES;
				IPHONEOS_DEPLOYMENT_TARGET = 15.5;
				MTL_ENABLE_DEBUG_INFO = NO;
				MTL_FAST_MATH = YES;
				SDKROOT = iphoneos;
				SWIFT_COMPILATION_MODE = wholemodule;
				SWIFT_OPTIMIZATION_LEVEL = "-O";
				VALIDATE_PRODUCT = YES;
				VERSIONING_SYSTEM = "apple-generic";
				VERSION_INFO_PREFIX = "";
			};
			name = Release;
		};
		1D4C26FA29A0609E00007DFE /* Debug */ = {
			isa = XCBuildConfiguration;
			baseConfigurationReference = 68F19F846D00A25E935853E4 /* Pods-AKApiManager.debug.xcconfig */;
			buildSettings = {
				CODE_SIGN_STYLE = Automatic;
				CURRENT_PROJECT_VERSION = 1;
				DEFINES_MODULE = YES;
				DEVELOPMENT_TEAM = S84559HK9V;
				DYLIB_COMPATIBILITY_VERSION = 1;
				DYLIB_CURRENT_VERSION = 1;
				DYLIB_INSTALL_NAME_BASE = "@rpath";
				GENERATE_INFOPLIST_FILE = YES;
				INFOPLIST_KEY_NSHumanReadableCopyright = "";
				INSTALL_PATH = "$(LOCAL_LIBRARY_DIR)/Frameworks";
				LD_RUNPATH_SEARCH_PATHS = (
					"$(inherited)",
					"@executable_path/Frameworks",
					"@loader_path/Frameworks",
				);
				MARKETING_VERSION = 1.0;
				PRODUCT_BUNDLE_IDENTIFIER = com.amr.koritem.AKApiManager;
				PRODUCT_NAME = "$(TARGET_NAME:c99extidentifier)";
				SKIP_INSTALL = YES;
				SWIFT_EMIT_LOC_STRINGS = YES;
				SWIFT_VERSION = 5.0;
				TARGETED_DEVICE_FAMILY = "1,2";
			};
			name = Debug;
		};
		1D4C26FB29A0609E00007DFE /* Release */ = {
			isa = XCBuildConfiguration;
			baseConfigurationReference = CDA4A22BEC46202FBA76E350 /* Pods-AKApiManager.release.xcconfig */;
			buildSettings = {
				CODE_SIGN_STYLE = Automatic;
				CURRENT_PROJECT_VERSION = 1;
				DEFINES_MODULE = YES;
				DEVELOPMENT_TEAM = S84559HK9V;
				DYLIB_COMPATIBILITY_VERSION = 1;
				DYLIB_CURRENT_VERSION = 1;
				DYLIB_INSTALL_NAME_BASE = "@rpath";
				GENERATE_INFOPLIST_FILE = YES;
				INFOPLIST_KEY_NSHumanReadableCopyright = "";
				INSTALL_PATH = "$(LOCAL_LIBRARY_DIR)/Frameworks";
				LD_RUNPATH_SEARCH_PATHS = (
					"$(inherited)",
					"@executable_path/Frameworks",
					"@loader_path/Frameworks",
				);
				MARKETING_VERSION = 1.0;
				PRODUCT_BUNDLE_IDENTIFIER = com.amr.koritem.AKApiManager;
				PRODUCT_NAME = "$(TARGET_NAME:c99extidentifier)";
				SKIP_INSTALL = YES;
				SWIFT_EMIT_LOC_STRINGS = YES;
				SWIFT_VERSION = 5.0;
				TARGETED_DEVICE_FAMILY = "1,2";
			};
			name = Release;
		};
		1D4C26FD29A0609E00007DFE /* Debug */ = {
			isa = XCBuildConfiguration;
			baseConfigurationReference = B215E08A1ECB460BB624715E /* Pods-AKApiManager-AKApiManagerTests.debug.xcconfig */;
			buildSettings = {
				CODE_SIGN_STYLE = Automatic;
				CURRENT_PROJECT_VERSION = 1;
				DEVELOPMENT_TEAM = S84559HK9V;
				GENERATE_INFOPLIST_FILE = YES;
				MARKETING_VERSION = 1.0;
				PRODUCT_BUNDLE_IDENTIFIER = com.amr.koritem.AKApiManagerTests;
				PRODUCT_NAME = "$(TARGET_NAME)";
				SWIFT_EMIT_LOC_STRINGS = NO;
				SWIFT_VERSION = 5.0;
				TARGETED_DEVICE_FAMILY = "1,2";
			};
			name = Debug;
		};
		1D4C26FE29A0609E00007DFE /* Release */ = {
			isa = XCBuildConfiguration;
			baseConfigurationReference = 6C9BA6B38F9CC5BBDBE28FB1 /* Pods-AKApiManager-AKApiManagerTests.release.xcconfig */;
			buildSettings = {
				CODE_SIGN_STYLE = Automatic;
				CURRENT_PROJECT_VERSION = 1;
				DEVELOPMENT_TEAM = S84559HK9V;
				GENERATE_INFOPLIST_FILE = YES;
				MARKETING_VERSION = 1.0;
				PRODUCT_BUNDLE_IDENTIFIER = com.amr.koritem.AKApiManagerTests;
				PRODUCT_NAME = "$(TARGET_NAME)";
				SWIFT_EMIT_LOC_STRINGS = NO;
				SWIFT_VERSION = 5.0;
				TARGETED_DEVICE_FAMILY = "1,2";
			};
			name = Release;
		};
/* End XCBuildConfiguration section */

/* Begin XCConfigurationList section */
		1D4C26DF29A0609D00007DFE /* Build configuration list for PBXProject "AKApiManager" */ = {
			isa = XCConfigurationList;
			buildConfigurations = (
				1D4C26F729A0609E00007DFE /* Debug */,
				1D4C26F829A0609E00007DFE /* Release */,
			);
			defaultConfigurationIsVisible = 0;
			defaultConfigurationName = Release;
		};
		1D4C26F929A0609E00007DFE /* Build configuration list for PBXNativeTarget "AKApiManager" */ = {
			isa = XCConfigurationList;
			buildConfigurations = (
				1D4C26FA29A0609E00007DFE /* Debug */,
				1D4C26FB29A0609E00007DFE /* Release */,
			);
			defaultConfigurationIsVisible = 0;
			defaultConfigurationName = Release;
		};
		1D4C26FC29A0609E00007DFE /* Build configuration list for PBXNativeTarget "AKApiManagerTests" */ = {
			isa = XCConfigurationList;
			buildConfigurations = (
				1D4C26FD29A0609E00007DFE /* Debug */,
				1D4C26FE29A0609E00007DFE /* Release */,
			);
			defaultConfigurationIsVisible = 0;
			defaultConfigurationName = Release;
		};
/* End XCConfigurationList section */
	};
	rootObject = 1D4C26DC29A0609D00007DFE /* Project object */;
}
